
Microsoft Visual Studio Solution File, Format Version 12.00
# Visual Studio Version 17
VisualStudioVersion = 17.6.33620.401
MinimumVisualStudioVersion = 10.0.40219.1
Project("{FAE04EC0-301F-11D3-BF4B-00C04F79EFBC}") = "FileManager", "FileManager.csproj", "{5443596B-79B1-483B-95BB-3A9B54F81CEA}"
EndProject
Project("{9A19103F-16F7-4668-BE54-9A1E7A4F7556}") = "FileManager.Test", "..\FileManager.Test\FileManager.Test.csproj", "{3BBE3371-4CA7-4AE5-ABFC-0A03E686E353}"
EndProject
Project("{FAE04EC0-301F-11D3-BF4B-00C04F79EFBC}") = "FormatTest", "..\FormatTest\FormatTest.csproj", "{EB14C5C4-744B-4516-AB3C-41E3BA2175A7}"
EndProject
Global
	GlobalSection(SolutionConfigurationPlatforms) = preSolution
		Debug|Any CPU = Debug|Any CPU
		Release|Any CPU = Release|Any CPU
	EndGlobalSection
	GlobalSection(ProjectConfigurationPlatforms) = postSolution
		{5443596B-79B1-483B-95BB-3A9B54F81CEA}.Debug|Any CPU.ActiveCfg = Debug|Any CPU
		{5443596B-79B1-483B-95BB-3A9B54F81CEA}.Debug|Any CPU.Build.0 = Debug|Any CPU
		{5443596B-79B1-483B-95BB-3A9B54F81CEA}.Release|Any CPU.ActiveCfg = Release|Any CPU
		{5443596B-79B1-483B-95BB-3A9B54F81CEA}.Release|Any CPU.Build.0 = Release|Any CPU
		{3BBE3371-4CA7-4AE5-ABFC-0A03E686E353}.Debug|Any CPU.ActiveCfg = Debug|Any CPU
		{3BBE3371-4CA7-4AE5-ABFC-0A03E686E353}.Debug|Any CPU.Build.0 = Debug|Any CPU
		{3BBE3371-4CA7-4AE5-ABFC-0A03E686E353}.Release|Any CPU.ActiveCfg = Release|Any CPU
		{3BBE3371-4CA7-4AE5-ABFC-0A03E686E353}.Release|Any CPU.Build.0 = Release|Any CPU
		{EB14C5C4-744B-4516-AB3C-41E3BA2175A7}.Debug|Any CPU.ActiveCfg = Debug|Any CPU
		{EB14C5C4-744B-4516-AB3C-41E3BA2175A7}.Debug|Any CPU.Build.0 = Debug|Any CPU
		{EB14C5C4-744B-4516-AB3C-41E3BA2175A7}.Release|Any CPU.ActiveCfg = Release|Any CPU
		{EB14C5C4-744B-4516-AB3C-41E3BA2175A7}.Release|Any CPU.Build.0 = Release|Any CPU
	EndGlobalSection
	GlobalSection(SolutionProperties) = preSolution
		HideSolutionNode = FALSE
	EndGlobalSection
	GlobalSection(ExtensibilityGlobals) = postSolution
		SolutionGuid = {9B71F476-62EB-4E11-80DB-ECE298AEA3A8}
	EndGlobalSection
EndGlobal
